
Microsoft Visual Studio Solution File, Format Version 12.00
# Visual Studio Version 16
VisualStudioVersion = 16.0.31410.357
MinimumVisualStudioVersion = 10.0.40219.1
Project("{FAE04EC0-301F-11D3-BF4B-00C04F79EFBC}") = "learnBot", "learnBot.csproj", "{3699B90E-D45D-4928-9D7D-B64E4E0FF034}"
EndProject
Global
	GlobalSection(SolutionConfigurationPlatforms) = preSolution
		Debug|Any CPU = Debug|Any CPU
		Release|Any CPU = Release|Any CPU
	EndGlobalSection
	GlobalSection(ProjectConfigurationPlatforms) = postSolution
		{3699B90E-D45D-4928-9D7D-B64E4E0FF034}.Debug|Any CPU.ActiveCfg = Debug|Any CPU
		{3699B90E-D45D-4928-9D7D-B64E4E0FF034}.Debug|Any CPU.Build.0 = Debug|Any CPU
		{3699B90E-D45D-4928-9D7D-B64E4E0FF034}.Release|Any CPU.ActiveCfg = Release|Any CPU
		{3699B90E-D45D-4928-9D7D-B64E4E0FF034}.Release|Any CPU.Build.0 = Release|Any CPU
	EndGlobalSection
	GlobalSection(SolutionProperties) = preSolution
		HideSolutionNode = FALSE
	EndGlobalSection
	GlobalSection(ExtensibilityGlobals) = postSolution
		SolutionGuid = {2E9873D9-5C4A-48BB-9045-32E98E897CFB}
	EndGlobalSection
EndGlobal
